{
  "requires": true,
  "lockfileVersion": 1,
  "dependencies": {
    "verovio-dev": {
      "version": "2.2.0-4",
      "resolved": "https://registry.npmjs.org/verovio-dev/-/verovio-dev-2.2.0-4.tgz",
      "integrity": "sha512-dQ6TNcw8p2RJ38EcFfjcGftniL4HQXHsOBq+VqGkEVnoJtcOifHhwdXuxoN6DyqFQ+33GWMZWwsOiNWgacVXaQ=="
    }
  }
}
